<?xml version="1.0" encoding="UTF-8" standalone="yes" ?>
<CodeBlocks_project_file>
	<FileVersion major="1" minor="6" />
	<Project>
		<Option title="gw1k" />
		<Option compiler="gcc" />
		<Build>
			<Target title="Debug">
				<Option output="gw1k" prefix_auto="1" extension_auto="1" />
				<Option working_dir="" />
				<Option object_output="obj/Debug/" />
				<Option type="2" />
				<Option compiler="gcc" />
				<Option createDefFile="1" />
				<Compiler>
					<Add option="-Wall" />
					<Add option="-g" />
				</Compiler>
				<Linker>
					<Add library="../Point2D/bin/Debug/libPoint2D.so" />
				</Linker>
			</Target>
			<Target title="Release">
				<Option output="gw1k" prefix_auto="1" extension_auto="1" />
				<Option working_dir="" />
				<Option object_output="obj/Release/" />
				<Option type="2" />
				<Option compiler="gcc" />
				<Option createDefFile="1" />
				<Compiler>
					<Add option="-O2" />
					<Add option="-Wall" />
				</Compiler>
				<Linker>
					<Add option="-s" />
					<Add library="../Point2D/bin/Release/libPoint2D.so" />
				</Linker>
			</Target>
		</Build>
		<Compiler>
			<Add option="-Wall" />
			<Add directory="include" />
			<Add directory="../" />
			<Add directory="/usr/include/freetype2" />
			<Add directory="../Point2D" />
		</Compiler>
		<Linker>
			<Add library="lua" />
		</Linker>
		<Unit filename="include/Color4i.h" />
		<Unit filename="include/ColorTable.h" />
		<Unit filename="include/Exception.h" />
		<Unit filename="include/FTGLFontManager.h" />
		<Unit filename="include/GLErrorCheck.h" />
		<Unit filename="include/GLFWAdapter.h" />
		<Unit filename="include/GLFWApp.h" />
		<Unit filename="include/GuiObject.h" />
		<Unit filename="include/Gw1kConstants.h" />
		<Unit filename="include/Gw1kSettings.h" />
		<Unit filename="include/Log.h" />
		<Unit filename="include/MathHelper.h" />
		<Unit filename="include/Point.h" />
		<Unit filename="include/Rect.h" />
		<Unit filename="include/Render.h" />
		<Unit filename="include/Renderable.h" />
		<Unit filename="include/ThemeManager.h" />
		<Unit filename="include/Timer.h" />
		<Unit filename="include/WManager.h" />
		<Unit filename="include/WindowStack.h" />
		<Unit filename="include/listeners/ActionListener.h" />
		<Unit filename="include/listeners/DraggedListener.h" />
		<Unit filename="include/listeners/KeyListener.h" />
		<Unit filename="include/listeners/MouseListener.h" />
		<Unit filename="include/listeners/MouseListenerImpl.h" />
		<Unit filename="include/listeners/TimerListener.h" />
		<Unit filename="include/providers/ActionEventProvider.h" />
		<Unit filename="include/providers/DraggedEventProvider.h" />
		<Unit filename="include/providers/KeyEventProvider.h" />
		<Unit filename="include/providers/MouseEventProvider.h" />
		<Unit filename="include/utils/FloatMapper.h" />
		<Unit filename="include/utils/Helpers.h" />
		<Unit filename="include/utils/PNGLoader.h" />
		<Unit filename="include/utils/StringHelpers.h" />
		<Unit filename="include/widgets/Box.h" />
		<Unit filename="include/widgets/CheckBox.h" />
		<Unit filename="include/widgets/ClippingBox.h" />
		<Unit filename="include/widgets/Label.h" />
		<Unit filename="include/widgets/Menu.h" />
		<Unit filename="include/widgets/OGLView.h" />
		<Unit filename="include/widgets/OGLViewWiBox.h" />
		<Unit filename="include/widgets/RangeSlider.h" />
		<Unit filename="include/widgets/ScrollPane.h" />
		<Unit filename="include/widgets/Slider.h" />
		<Unit filename="include/widgets/TextureView.h" />
		<Unit filename="include/widgets/TextureWiBox.h" />
		<Unit filename="include/widgets/WiBox.h" />
		<Unit filename="include/widgets/advanced/DynamicMenu.h" />
		<Unit filename="include/widgets/advanced/LabeledRangeSlider.h" />
		<Unit filename="include/widgets/advanced/NumberLabel.h" />
		<Unit filename="include/widgets/internal/AbstractSliderBase.h" />
		<Unit filename="include/widgets/internal/MenuEntry.h" />
		<Unit filename="include/widgets/internal/Text.h" />
		<Unit filename="src/ColorTable.cpp" />
		<Unit filename="src/FTGLFontManager.cpp" />
		<Unit filename="src/GLFWAdapter.cpp" />
		<Unit filename="src/GLFWApp.cpp" />
		<Unit filename="src/GuiObject.cpp" />
		<Unit filename="src/Gw1kSettings.cpp" />
		<Unit filename="src/Log.cpp" />
		<Unit filename="src/Point.cpp" />
		<Unit filename="src/Rect.cpp" />
		<Unit filename="src/Render.cpp" />
		<Unit filename="src/Renderable.cpp" />
		<Unit filename="src/ThemeManager.cpp" />
		<Unit filename="src/Timer.cpp" />
		<Unit filename="src/WManager.cpp" />
		<Unit filename="src/WindowStack.cpp" />
		<Unit filename="src/providers/ActionEventProvider.cpp" />
		<Unit filename="src/providers/DraggedEventProvider.cpp" />
		<Unit filename="src/providers/KeyEventProvider.cpp" />
		<Unit filename="src/providers/MouseEventProvider.cpp" />
		<Unit filename="src/utils/FloatMapper.cpp" />
		<Unit filename="src/utils/PNGLoader.cpp" />
		<Unit filename="src/widgets/Box.cpp" />
		<Unit filename="src/widgets/CheckBox.cpp" />
		<Unit filename="src/widgets/ClippingBox.cpp" />
		<Unit filename="src/widgets/Label.cpp" />
		<Unit filename="src/widgets/Menu.cpp" />
		<Unit filename="src/widgets/OGLView.cpp" />
		<Unit filename="src/widgets/OGLViewWiBox.cpp" />
		<Unit filename="src/widgets/RangeSlider.cpp" />
		<Unit filename="src/widgets/ScrollPane.cpp" />
		<Unit filename="src/widgets/Slider.cpp" />
		<Unit filename="src/widgets/TextureView.cpp" />
		<Unit filename="src/widgets/TextureWiBox.cpp" />
		<Unit filename="src/widgets/WiBox.cpp" />
		<Unit filename="src/widgets/advanced/DynamicMenu.cpp" />
		<Unit filename="src/widgets/advanced/LabeledRangeSlider.cpp" />
		<Unit filename="src/widgets/advanced/NumberLabel.cpp" />
		<Unit filename="src/widgets/internal/AbstractSliderBase.cpp" />
		<Unit filename="src/widgets/internal/MenuEntry.cpp" />
		<Unit filename="src/widgets/internal/Text.cpp" />
		<Extensions>
			<envvars />
			<code_completion />
			<debugger />
			<lib_finder disable_auto="1" />
		</Extensions>
	</Project>
</CodeBlocks_project_file>
